
Microsoft Visual Studio Solution File, Format Version 12.00
# Visual Studio Version 17
VisualStudioVersion = 17.9.34616.47
MinimumVisualStudioVersion = 10.0.40219.1
Project("{FAE04EC0-301F-11D3-BF4B-00C04F79EFBC}") = "CodeFirstDatabase", "CodeFirstDatabase.csproj", "{999C4B8B-AE40-462F-882A-1E52452C9F39}"
EndProject
Global
	GlobalSection(SolutionConfigurationPlatforms) = preSolution
		Debug|Any CPU = Debug|Any CPU
		Release|Any CPU = Release|Any CPU
	EndGlobalSection
	GlobalSection(ProjectConfigurationPlatforms) = postSolution
		{999C4B8B-AE40-462F-882A-1E52452C9F39}.Debug|Any CPU.ActiveCfg = Debug|Any CPU
		{999C4B8B-AE40-462F-882A-1E52452C9F39}.Debug|Any CPU.Build.0 = Debug|Any CPU
		{999C4B8B-AE40-462F-882A-1E52452C9F39}.Release|Any CPU.ActiveCfg = Release|Any CPU
		{999C4B8B-AE40-462F-882A-1E52452C9F39}.Release|Any CPU.Build.0 = Release|Any CPU
	EndGlobalSection
	GlobalSection(SolutionProperties) = preSolution
		HideSolutionNode = FALSE
	EndGlobalSection
	GlobalSection(ExtensibilityGlobals) = postSolution
		SolutionGuid = {6F320829-727E-4A78-9327-4EEEABD1D4A1}
	EndGlobalSection
EndGlobal
